
Microsoft Visual Studio Solution File, Format Version 12.00
# Visual Studio Express 2013 for Web
VisualStudioVersion = 12.0.30501.0
MinimumVisualStudioVersion = 10.0.40219.1
Project("{FAE04EC0-301F-11D3-BF4B-00C04F79EFBC}") = "StatsForAge", "..\BlowTrial\StatsForAge\StatsForAge.csproj", "{BD45A88D-C81D-4160-83F4-6058EC553B6F}"
EndProject
Project("{FAE04EC0-301F-11D3-BF4B-00C04F79EFBC}") = "PICUdrugs2013", "PICUdrugs\PICUdrugs2013.csproj", "{46284D94-8FCE-4FBA-9897-403DD41F56BD}"
EndProject
Project("{FAE04EC0-301F-11D3-BF4B-00C04F79EFBC}") = "PicuDrugsUnitTestProject", "PicuDrugsUnitTestProject\PicuDrugsUnitTestProject.csproj", "{62C51206-1F31-4487-B4B5-1782817081DA}"
EndProject
Global
	GlobalSection(SolutionConfigurationPlatforms) = preSolution
		Debug|Any CPU = Debug|Any CPU
		Release|Any CPU = Release|Any CPU
	EndGlobalSection
	GlobalSection(ProjectConfigurationPlatforms) = postSolution
		{BD45A88D-C81D-4160-83F4-6058EC553B6F}.Debug|Any CPU.ActiveCfg = Debug|Any CPU
		{BD45A88D-C81D-4160-83F4-6058EC553B6F}.Debug|Any CPU.Build.0 = Debug|Any CPU
		{BD45A88D-C81D-4160-83F4-6058EC553B6F}.Release|Any CPU.ActiveCfg = Release|Any CPU
		{BD45A88D-C81D-4160-83F4-6058EC553B6F}.Release|Any CPU.Build.0 = Release|Any CPU
		{46284D94-8FCE-4FBA-9897-403DD41F56BD}.Debug|Any CPU.ActiveCfg = Debug|Any CPU
		{46284D94-8FCE-4FBA-9897-403DD41F56BD}.Debug|Any CPU.Build.0 = Debug|Any CPU
		{46284D94-8FCE-4FBA-9897-403DD41F56BD}.Release|Any CPU.ActiveCfg = Release|Any CPU
		{46284D94-8FCE-4FBA-9897-403DD41F56BD}.Release|Any CPU.Build.0 = Release|Any CPU
		{62C51206-1F31-4487-B4B5-1782817081DA}.Debug|Any CPU.ActiveCfg = Debug|Any CPU
		{62C51206-1F31-4487-B4B5-1782817081DA}.Debug|Any CPU.Build.0 = Debug|Any CPU
		{62C51206-1F31-4487-B4B5-1782817081DA}.Release|Any CPU.ActiveCfg = Release|Any CPU
		{62C51206-1F31-4487-B4B5-1782817081DA}.Release|Any CPU.Build.0 = Release|Any CPU
	EndGlobalSection
	GlobalSection(SolutionProperties) = preSolution
		HideSolutionNode = FALSE
	EndGlobalSection
EndGlobal
